
Microsoft Visual Studio Solution File, Format Version 12.00
# Visual Studio 2012
Project("{CC5FD16D-436D-48AD-A40C-5A424C6E3E79}") = "CUAHSI.Apps", "CUAHSI.Apps.ccproj", "{6164C188-CC62-427A-B500-358952DDC996}"
EndProject
Project("{FAE04EC0-301F-11D3-BF4B-00C04F79EFBC}") = "CUAHSI.Browser", "CUAHSI.Browser\CUAHSI.Browser.csproj", "{90600923-27EF-47E7-8F78-D43DB4C57E0E}"
EndProject
Global
	GlobalSection(SolutionConfigurationPlatforms) = preSolution
		Debug|Any CPU = Debug|Any CPU
		Release|Any CPU = Release|Any CPU
	EndGlobalSection
	GlobalSection(ProjectConfigurationPlatforms) = postSolution
		{6164C188-CC62-427A-B500-358952DDC996}.Debug|Any CPU.ActiveCfg = Debug|Any CPU
		{6164C188-CC62-427A-B500-358952DDC996}.Debug|Any CPU.Build.0 = Debug|Any CPU
		{6164C188-CC62-427A-B500-358952DDC996}.Release|Any CPU.ActiveCfg = Release|Any CPU
		{6164C188-CC62-427A-B500-358952DDC996}.Release|Any CPU.Build.0 = Release|Any CPU
		{90600923-27EF-47E7-8F78-D43DB4C57E0E}.Debug|Any CPU.ActiveCfg = Debug|Any CPU
		{90600923-27EF-47E7-8F78-D43DB4C57E0E}.Debug|Any CPU.Build.0 = Debug|Any CPU
		{90600923-27EF-47E7-8F78-D43DB4C57E0E}.Release|Any CPU.ActiveCfg = Release|Any CPU
		{90600923-27EF-47E7-8F78-D43DB4C57E0E}.Release|Any CPU.Build.0 = Release|Any CPU
	EndGlobalSection
	GlobalSection(SolutionProperties) = preSolution
		HideSolutionNode = FALSE
	EndGlobalSection
EndGlobal
